
Microsoft Visual Studio Solution File, Format Version 12.00
# Visual Studio 14
VisualStudioVersion = 14.0.25420.1
MinimumVisualStudioVersion = 10.0.40219.1
Project("{2150E333-8FDC-42A3-9474-1A3956D46DE8}") = "src", "src", "{C778FB2D-EA6D-4BA9-B99F-29AD41D6B570}"
EndProject
Project("{2150E333-8FDC-42A3-9474-1A3956D46DE8}") = "Solution Items", "Solution Items", "{3FBC51F4-C270-45A4-BB9C-2C89CA5C7C3E}"
	ProjectSection(SolutionItems) = preProject
		global.json = global.json
	EndProjectSection
EndProject
Project("{8BB2217D-0F2D-49D1-97BC-3654ED321F3B}") = "GoogleCloudUpload", "src\GoogleCloudUpload\GoogleCloudUpload.xproj", "{2FBB9B48-2FE0-42E2-8D7F-D4766A40A80E}"
EndProject
Global
	GlobalSection(SolutionConfigurationPlatforms) = preSolution
		Debug|Any CPU = Debug|Any CPU
		Release|Any CPU = Release|Any CPU
	EndGlobalSection
	GlobalSection(ProjectConfigurationPlatforms) = postSolution
		{2FBB9B48-2FE0-42E2-8D7F-D4766A40A80E}.Debug|Any CPU.ActiveCfg = Debug|Any CPU
		{2FBB9B48-2FE0-42E2-8D7F-D4766A40A80E}.Debug|Any CPU.Build.0 = Debug|Any CPU
		{2FBB9B48-2FE0-42E2-8D7F-D4766A40A80E}.Release|Any CPU.ActiveCfg = Release|Any CPU
		{2FBB9B48-2FE0-42E2-8D7F-D4766A40A80E}.Release|Any CPU.Build.0 = Release|Any CPU
	EndGlobalSection
	GlobalSection(SolutionProperties) = preSolution
		HideSolutionNode = FALSE
	EndGlobalSection
	GlobalSection(NestedProjects) = preSolution
		{2FBB9B48-2FE0-42E2-8D7F-D4766A40A80E} = {C778FB2D-EA6D-4BA9-B99F-29AD41D6B570}
	EndGlobalSection
EndGlobal
